
Microsoft Visual Studio Solution File, Format Version 12.00
# Visual Studio Version 17
VisualStudioVersion = 17.3.32819.101
MinimumVisualStudioVersion = 10.0.40219.1
Project("{FAE04EC0-301F-11D3-BF4B-00C04F79EFBC}") = "PZ_4", "PZ_4\PZ_4.csproj", "{3762819F-A061-4BB9-A10F-9AE34E39273E}"
EndProject
Global
	GlobalSection(SolutionConfigurationPlatforms) = preSolution
		Debug|Any CPU = Debug|Any CPU
		Release|Any CPU = Release|Any CPU
	EndGlobalSection
	GlobalSection(ProjectConfigurationPlatforms) = postSolution
		{3762819F-A061-4BB9-A10F-9AE34E39273E}.Debug|Any CPU.ActiveCfg = Debug|Any CPU
		{3762819F-A061-4BB9-A10F-9AE34E39273E}.Debug|Any CPU.Build.0 = Debug|Any CPU
		{3762819F-A061-4BB9-A10F-9AE34E39273E}.Release|Any CPU.ActiveCfg = Release|Any CPU
		{3762819F-A061-4BB9-A10F-9AE34E39273E}.Release|Any CPU.Build.0 = Release|Any CPU
	EndGlobalSection
	GlobalSection(SolutionProperties) = preSolution
		HideSolutionNode = FALSE
	EndGlobalSection
	GlobalSection(ExtensibilityGlobals) = postSolution
		SolutionGuid = {06732C04-C045-423E-A33A-9B943A61501A}
	EndGlobalSection
EndGlobal
