
Microsoft Visual Studio Solution File, Format Version 12.00
# Visual Studio Version 16
VisualStudioVersion = 16.0.31702.278
MinimumVisualStudioVersion = 10.0.40219.1
Project("{FAE04EC0-301F-11D3-BF4B-00C04F79EFBC}") = "pz-3.2", "pz-3.2.csproj", "{68361FFB-586C-454D-BBE7-D46E9641B808}"
EndProject
Global
	GlobalSection(SolutionConfigurationPlatforms) = preSolution
		Debug|Any CPU = Debug|Any CPU
		Release|Any CPU = Release|Any CPU
	EndGlobalSection
	GlobalSection(ProjectConfigurationPlatforms) = postSolution
		{68361FFB-586C-454D-BBE7-D46E9641B808}.Debug|Any CPU.ActiveCfg = Debug|Any CPU
		{68361FFB-586C-454D-BBE7-D46E9641B808}.Debug|Any CPU.Build.0 = Debug|Any CPU
		{68361FFB-586C-454D-BBE7-D46E9641B808}.Release|Any CPU.ActiveCfg = Release|Any CPU
		{68361FFB-586C-454D-BBE7-D46E9641B808}.Release|Any CPU.Build.0 = Release|Any CPU
	EndGlobalSection
	GlobalSection(SolutionProperties) = preSolution
		HideSolutionNode = FALSE
	EndGlobalSection
	GlobalSection(ExtensibilityGlobals) = postSolution
		SolutionGuid = {53793AE6-AA5C-4FF0-8729-C226C93A2D74}
	EndGlobalSection
EndGlobal
