
Microsoft Visual Studio Solution File, Format Version 12.00
# Visual Studio Version 17
VisualStudioVersion = 17.3.32819.101
MinimumVisualStudioVersion = 10.0.40219.1
Project("{FAE04EC0-301F-11D3-BF4B-00C04F79EFBC}") = "PZ_3", "PZ_3\PZ_3.csproj", "{374E682A-7A30-4FFB-88A9-F0F78510D6A6}"
EndProject
Global
	GlobalSection(SolutionConfigurationPlatforms) = preSolution
		Debug|Any CPU = Debug|Any CPU
		Release|Any CPU = Release|Any CPU
	EndGlobalSection
	GlobalSection(ProjectConfigurationPlatforms) = postSolution
		{374E682A-7A30-4FFB-88A9-F0F78510D6A6}.Debug|Any CPU.ActiveCfg = Debug|Any CPU
		{374E682A-7A30-4FFB-88A9-F0F78510D6A6}.Debug|Any CPU.Build.0 = Debug|Any CPU
		{374E682A-7A30-4FFB-88A9-F0F78510D6A6}.Release|Any CPU.ActiveCfg = Release|Any CPU
		{374E682A-7A30-4FFB-88A9-F0F78510D6A6}.Release|Any CPU.Build.0 = Release|Any CPU
	EndGlobalSection
	GlobalSection(SolutionProperties) = preSolution
		HideSolutionNode = FALSE
	EndGlobalSection
	GlobalSection(ExtensibilityGlobals) = postSolution
		SolutionGuid = {3ACCA99F-6946-45FB-98CE-2221ECE52BEA}
	EndGlobalSection
EndGlobal
